
Microsoft Visual Studio Solution File, Format Version 11.00
# Visual Studio 2010
Project("{FAE04EC0-301F-11D3-BF4B-00C04F79EFBC}") = "Proekt_II", "Assembly-CSharp.csproj", "{D31EAB89-52F4-AD3A-01A0-243D3E1A23F5}"
EndProject
Global
	GlobalSection(SolutionConfigurationPlatforms) = preSolution
		Debug|Any CPU = Debug|Any CPU
		Release|Any CPU = Release|Any CPU
	EndGlobalSection
	GlobalSection(ProjectConfigurationPlatforms) = postSolution
		{D31EAB89-52F4-AD3A-01A0-243D3E1A23F5}.Debug|Any CPU.ActiveCfg = Debug|Any CPU
		{D31EAB89-52F4-AD3A-01A0-243D3E1A23F5}.Debug|Any CPU.Build.0 = Debug|Any CPU
		{D31EAB89-52F4-AD3A-01A0-243D3E1A23F5}.Release|Any CPU.ActiveCfg = Release|Any CPU
		{D31EAB89-52F4-AD3A-01A0-243D3E1A23F5}.Release|Any CPU.Build.0 = Release|Any CPU
	EndGlobalSection
	GlobalSection(SolutionProperties) = preSolution
		HideSolutionNode = FALSE
	EndGlobalSection
	GlobalSection(MonoDevelopProperties) = preSolution
		StartupItem = Assembly-CSharp.csproj
	EndGlobalSection
EndGlobal
